{
  "name": "client",
  "version": "1.0.0",
  "lockfileVersion": 3,
  "requires": true,
  "packages": {
    "": {
      "name": "client",
      "version": "1.0.0",
      "license": "SEE LICENSE IN https://raw.githubusercontent.com/EvernodeXRPL/evernode-resources/main/license/evernode-license.pdf",
      "dependencies": {
        "https": "1.0.0",
        "libsodium-wrappers": "0.7.14",
        "ws": "8.17.0"
      }
    },
    "node_modules/https": {
      "version": "1.0.0",
      "resolved": "https://registry.npmjs.org/https/-/https-1.0.0.tgz",
      "integrity": "sha512-4EC57ddXrkaF0x83Oj8sM6SLQHAWXw90Skqu2M4AEWENZ3F02dFJE/GARA8igO79tcgYqGrD7ae4f5L3um2lgg=="
    },
    "node_modules/libsodium": {
      "version": "0.7.14",
      "resolved": "https://registry.npmjs.org/libsodium/-/libsodium-0.7.14.tgz",
      "integrity": "sha512-/pOd7eO6oZrfORquRTC4284OUJFcMi8F3Vnc9xtRBT0teLfOUxWIItaBFF3odYjZ7nlJNwnLdUVEUFHxVyX/Sw=="
    },
    "node_modules/libsodium-wrappers": {
      "version": "0.7.14",
      "resolved": "https://registry.npmjs.org/libsodium-wrappers/-/libsodium-wrappers-0.7.14.tgz",
      "integrity": "sha512-300TtsePizhJZ7HjLmWr6hLHAgJUxIGhapSw+EwfCtDuWaEmEdGXSQv6j6qFw0bs9l4vS2NH9BtOHfXAq6h5kQ==",
      "dependencies": {
        "libsodium": "^0.7.14"
      }
    },
    "node_modules/ws": {
      "version": "8.17.0",
      "resolved": "https://registry.npmjs.org/ws/-/ws-8.17.0.tgz",
      "integrity": "sha512-uJq6108EgZMAl20KagGkzCKfMEjxmKvZHG7Tlq0Z6nOky7YF7aq4mOx6xK8TJ/i1LeK4Qus7INktacctDgY8Ow==",
      "engines": {
        "node": ">=10.0.0"
      },
      "peerDependencies": {
        "bufferutil": "^4.0.1",
        "utf-8-validate": ">=5.0.2"
      },
      "peerDependenciesMeta": {
        "bufferutil": {
          "optional": true
        },
        "utf-8-validate": {
          "optional": true
        }
      }
    }
  }
}
